// !$*UTF8*$!
{
	archiveVersion = 1;
	classes = {
	};
	objectVersion = 56;
	objects = {

/* Begin PBXBuildFile section */
		6E92B6012AE85DC500C95F3C /* Task_AwayApp.swift in Sources */ = {isa = PBXBuildFile; fileRef = 6E92B6002AE85DC500C95F3C /* Task_AwayApp.swift */; };
		6E92B6032AE85DC500C95F3C /* ContentView.swift in Sources */ = {isa = PBXBuildFile; fileRef = 6E92B6022AE85DC500C95F3C /* ContentView.swift */; };
		6E92B6052AE85DC600C95F3C /* Assets.xcassets in Resources */ = {isa = PBXBuildFile; fileRef = 6E92B6042AE85DC600C95F3C /* Assets.xcassets */; };
		6E92B6082AE85DC600C95F3C /* Preview Assets.xcassets in Resources */ = {isa = PBXBuildFile; fileRef = 6E92B6072AE85DC600C95F3C /* Preview Assets.xcassets */; };
		6E92B6112AE85EEF00C95F3C /* Task.swift in Sources */ = {isa = PBXBuildFile; fileRef = 6E92B6102AE85EEF00C95F3C /* Task.swift */; };
		6E92B6132AE8619A00C95F3C /* TaskGroup.swift in Sources */ = {isa = PBXBuildFile; fileRef = 6E92B6122AE8619A00C95F3C /* TaskGroup.swift */; };
		6E92B6152AE8631000C95F3C /* TaskSection.swift in Sources */ = {isa = PBXBuildFile; fileRef = 6E92B6142AE8631000C95F3C /* TaskSection.swift */; };
		6E92B6172AE8657300C95F3C /* SidebarView.swift in Sources */ = {isa = PBXBuildFile; fileRef = 6E92B6162AE8657300C95F3C /* SidebarView.swift */; };
		6E92B6192AE865A400C95F3C /* StaticTaskListView.swift in Sources */ = {isa = PBXBuildFile; fileRef = 6E92B6182AE865A400C95F3C /* StaticTaskListView.swift */; };
		6E92B61B2AE872B500C95F3C /* TaskListView.swift in Sources */ = {isa = PBXBuildFile; fileRef = 6E92B61A2AE872B500C95F3C /* TaskListView.swift */; };
		6E92B61D2AE8741E00C95F3C /* TaskView.swift in Sources */ = {isa = PBXBuildFile; fileRef = 6E92B61C2AE8741E00C95F3C /* TaskView.swift */; };
/* End PBXBuildFile section */

/* Begin PBXFileReference section */
		6E92B5FD2AE85DC500C95F3C /* Task Away.app */ = {isa = PBXFileReference; explicitFileType = wrapper.application; includeInIndex = 0; path = "Task Away.app"; sourceTree = BUILT_PRODUCTS_DIR; };
		6E92B6002AE85DC500C95F3C /* Task_AwayApp.swift */ = {isa = PBXFileReference; lastKnownFileType = sourcecode.swift; path = Task_AwayApp.swift; sourceTree = "<group>"; };
		6E92B6022AE85DC500C95F3C /* ContentView.swift */ = {isa = PBXFileReference; lastKnownFileType = sourcecode.swift; path = ContentView.swift; sourceTree = "<group>"; };
		6E92B6042AE85DC600C95F3C /* Assets.xcassets */ = {isa = PBXFileReference; lastKnownFileType = folder.assetcatalog; path = Assets.xcassets; sourceTree = "<group>"; };
		6E92B6072AE85DC600C95F3C /* Preview Assets.xcassets */ = {isa = PBXFileReference; lastKnownFileType = folder.assetcatalog; path = "Preview Assets.xcassets"; sourceTree = "<group>"; };
		6E92B6092AE85DC600C95F3C /* Task_Away.entitlements */ = {isa = PBXFileReference; lastKnownFileType = text.plist.entitlements; path = Task_Away.entitlements; sourceTree = "<group>"; };
		6E92B6102AE85EEF00C95F3C /* Task.swift */ = {isa = PBXFileReference; lastKnownFileType = sourcecode.swift; path = Task.swift; sourceTree = "<group>"; };
		6E92B6122AE8619A00C95F3C /* TaskGroup.swift */ = {isa = PBXFileReference; lastKnownFileType = sourcecode.swift; path = TaskGroup.swift; sourceTree = "<group>"; };
		6E92B6142AE8631000C95F3C /* TaskSection.swift */ = {isa = PBXFileReference; lastKnownFileType = sourcecode.swift; path = TaskSection.swift; sourceTree = "<group>"; };
		6E92B6162AE8657300C95F3C /* SidebarView.swift */ = {isa = PBXFileReference; lastKnownFileType = sourcecode.swift; path = SidebarView.swift; sourceTree = "<group>"; };
		6E92B6182AE865A400C95F3C /* StaticTaskListView.swift */ = {isa = PBXFileReference; lastKnownFileType = sourcecode.swift; path = StaticTaskListView.swift; sourceTree = "<group>"; };
		6E92B61A2AE872B500C95F3C /* TaskListView.swift */ = {isa = PBXFileReference; lastKnownFileType = sourcecode.swift; path = TaskListView.swift; sourceTree = "<group>"; };
		6E92B61C2AE8741E00C95F3C /* TaskView.swift */ = {isa = PBXFileReference; lastKnownFileType = sourcecode.swift; path = TaskView.swift; sourceTree = "<group>"; };
/* End PBXFileReference section */

/* Begin PBXFrameworksBuildPhase section */
		6E92B5FA2AE85DC500C95F3C /* Frameworks */ = {
			isa = PBXFrameworksBuildPhase;
			buildActionMask = 2147483647;
			files = (
			);
			runOnlyForDeploymentPostprocessing = 0;
		};
/* End PBXFrameworksBuildPhase section */

/* Begin PBXGroup section */
		6E92B5F42AE85DC500C95F3C = {
			isa = PBXGroup;
			children = (
				6E92B5FF2AE85DC500C95F3C /* Task Away */,
				6E92B5FE2AE85DC500C95F3C /* Products */,
			);
			sourceTree = "<group>";
		};
		6E92B5FE2AE85DC500C95F3C /* Products */ = {
			isa = PBXGroup;
			children = (
				6E92B5FD2AE85DC500C95F3C /* Task Away.app */,
			);
			name = Products;
			sourceTree = "<group>";
		};
		6E92B5FF2AE85DC500C95F3C /* Task Away */ = {
			isa = PBXGroup;
			children = (
				6E92B60F2AE85ED600C95F3C /* Model */,
				6E92B6002AE85DC500C95F3C /* Task_AwayApp.swift */,
				6E92B6022AE85DC500C95F3C /* ContentView.swift */,
				6E92B6042AE85DC600C95F3C /* Assets.xcassets */,
				6E92B6092AE85DC600C95F3C /* Task_Away.entitlements */,
				6E92B6062AE85DC600C95F3C /* Preview Content */,
				6E92B6162AE8657300C95F3C /* SidebarView.swift */,
				6E92B6182AE865A400C95F3C /* StaticTaskListView.swift */,
				6E92B61A2AE872B500C95F3C /* TaskListView.swift */,
				6E92B61C2AE8741E00C95F3C /* TaskView.swift */,
			);
			path = "Task Away";
			sourceTree = "<group>";
		};
		6E92B6062AE85DC600C95F3C /* Preview Content */ = {
			isa = PBXGroup;
			children = (
				6E92B6072AE85DC600C95F3C /* Preview Assets.xcassets */,
			);
			path = "Preview Content";
			sourceTree = "<group>";
		};
		6E92B60F2AE85ED600C95F3C /* Model */ = {
			isa = PBXGroup;
			children = (
				6E92B6102AE85EEF00C95F3C /* Task.swift */,
				6E92B6122AE8619A00C95F3C /* TaskGroup.swift */,
				6E92B6142AE8631000C95F3C /* TaskSection.swift */,
			);
			path = Model;
			sourceTree = "<group>";
		};
/* End PBXGroup section */

/* Begin PBXNativeTarget section */
		6E92B5FC2AE85DC500C95F3C /* Task Away */ = {
			isa = PBXNativeTarget;
			buildConfigurationList = 6E92B60C2AE85DC600C95F3C /* Build configuration list for PBXNativeTarget "Task Away" */;
			buildPhases = (
				6E92B5F92AE85DC500C95F3C /* Sources */,
				6E92B5FA2AE85DC500C95F3C /* Frameworks */,
				6E92B5FB2AE85DC500C95F3C /* Resources */,
			);
			buildRules = (
			);
			dependencies = (
			);
			name = "Task Away";
			productName = "Task Away";
			productReference = 6E92B5FD2AE85DC500C95F3C /* Task Away.app */;
			productType = "com.apple.product-type.application";
		};
/* End PBXNativeTarget section */

/* Begin PBXProject section */
		6E92B5F52AE85DC500C95F3C /* Project object */ = {
			isa = PBXProject;
			attributes = {
				BuildIndependentTargetsInParallel = 1;
				LastSwiftUpdateCheck = 1430;
				LastUpgradeCheck = 1430;
				TargetAttributes = {
					6E92B5FC2AE85DC500C95F3C = {
						CreatedOnToolsVersion = 14.3;
					};
				};
			};
			buildConfigurationList = 6E92B5F82AE85DC500C95F3C /* Build configuration list for PBXProject "Task Away" */;
			compatibilityVersion = "Xcode 14.0";
			developmentRegion = en;
			hasScannedForEncodings = 0;
			knownRegions = (
				en,
				Base,
			);
			mainGroup = 6E92B5F42AE85DC500C95F3C;
			productRefGroup = 6E92B5FE2AE85DC500C95F3C /* Products */;
			projectDirPath = "";
			projectRoot = "";
			targets = (
				6E92B5FC2AE85DC500C95F3C /* Task Away */,
			);
		};
/* End PBXProject section */

/* Begin PBXResourcesBuildPhase section */
		6E92B5FB2AE85DC500C95F3C /* Resources */ = {
			isa = PBXResourcesBuildPhase;
			buildActionMask = 2147483647;
			files = (
				6E92B6082AE85DC600C95F3C /* Preview Assets.xcassets in Resources */,
				6E92B6052AE85DC600C95F3C /* Assets.xcassets in Resources */,
			);
			runOnlyForDeploymentPostprocessing = 0;
		};
/* End PBXResourcesBuildPhase section */

/* Begin PBXSourcesBuildPhase section */
		6E92B5F92AE85DC500C95F3C /* Sources */ = {
			isa = PBXSourcesBuildPhase;
			buildActionMask = 2147483647;
			files = (
				6E92B61D2AE8741E00C95F3C /* TaskView.swift in Sources */,
				6E92B6192AE865A400C95F3C /* StaticTaskListView.swift in Sources */,
				6E92B6032AE85DC500C95F3C /* ContentView.swift in Sources */,
				6E92B6112AE85EEF00C95F3C /* Task.swift in Sources */,
				6E92B6152AE8631000C95F3C /* TaskSection.swift in Sources */,
				6E92B6132AE8619A00C95F3C /* TaskGroup.swift in Sources */,
				6E92B6012AE85DC500C95F3C /* Task_AwayApp.swift in Sources */,
				6E92B6172AE8657300C95F3C /* SidebarView.swift in Sources */,
				6E92B61B2AE872B500C95F3C /* TaskListView.swift in Sources */,
			);
			runOnlyForDeploymentPostprocessing = 0;
		};
/* End PBXSourcesBuildPhase section */

/* Begin XCBuildConfiguration section */
		6E92B60A2AE85DC600C95F3C /* Debug */ = {
			isa = XCBuildConfiguration;
			buildSettings = {
				ALWAYS_SEARCH_USER_PATHS = NO;
				CLANG_ANALYZER_NONNULL = YES;
				CLANG_ANALYZER_NUMBER_OBJECT_CONVERSION = YES_AGGRESSIVE;
				CLANG_CXX_LANGUAGE_STANDARD = "gnu++20";
				CLANG_ENABLE_MODULES = YES;
				CLANG_ENABLE_OBJC_ARC = YES;
				CLANG_ENABLE_OBJC_WEAK = YES;
				CLANG_WARN_BLOCK_CAPTURE_AUTORELEASING = YES;
				CLANG_WARN_BOOL_CONVERSION = YES;
				CLANG_WARN_COMMA = YES;
				CLANG_WARN_CONSTANT_CONVERSION = YES;
				CLANG_WARN_DEPRECATED_OBJC_IMPLEMENTATIONS = YES;
				CLANG_WARN_DIRECT_OBJC_ISA_USAGE = YES_ERROR;
				CLANG_WARN_DOCUMENTATION_COMMENTS = YES;
				CLANG_WARN_EMPTY_BODY = YES;
				CLANG_WARN_ENUM_CONVERSION = YES;
				CLANG_WARN_INFINITE_RECURSION = YES;
				CLANG_WARN_INT_CONVERSION = YES;
				CLANG_WARN_NON_LITERAL_NULL_CONVERSION = YES;
				CLANG_WARN_OBJC_IMPLICIT_RETAIN_SELF = YES;
				CLANG_WARN_OBJC_LITERAL_CONVERSION = YES;
				CLANG_WARN_OBJC_ROOT_CLASS = YES_ERROR;
				CLANG_WARN_QUOTED_INCLUDE_IN_FRAMEWORK_HEADER = YES;
				CLANG_WARN_RANGE_LOOP_ANALYSIS = YES;
				CLANG_WARN_STRICT_PROTOTYPES = YES;
				CLANG_WARN_SUSPICIOUS_MOVE = YES;
				CLANG_WARN_UNGUARDED_AVAILABILITY = YES_AGGRESSIVE;
				CLANG_WARN_UNREACHABLE_CODE = YES;
				CLANG_WARN__DUPLICATE_METHOD_MATCH = YES;
				COPY_PHASE_STRIP = NO;
				DEBUG_INFORMATION_FORMAT = dwarf;
				ENABLE_STRICT_OBJC_MSGSEND = YES;
				ENABLE_TESTABILITY = YES;
				GCC_C_LANGUAGE_STANDARD = gnu11;
				GCC_DYNAMIC_NO_PIC = NO;
				GCC_NO_COMMON_BLOCKS = YES;
				GCC_OPTIMIZATION_LEVEL = 0;
				GCC_PREPROCESSOR_DEFINITIONS = (
					"DEBUG=1",
					"$(inherited)",
				);
				GCC_WARN_64_TO_32_BIT_CONVERSION = YES;
				GCC_WARN_ABOUT_RETURN_TYPE = YES_ERROR;
				GCC_WARN_UNDECLARED_SELECTOR = YES;
				GCC_WARN_UNINITIALIZED_AUTOS = YES_AGGRESSIVE;
				GCC_WARN_UNUSED_FUNCTION = YES;
				GCC_WARN_UNUSED_VARIABLE = YES;
				MACOSX_DEPLOYMENT_TARGET = 13.3;
				MTL_ENABLE_DEBUG_INFO = INCLUDE_SOURCE;
				MTL_FAST_MATH = YES;
				ONLY_ACTIVE_ARCH = YES;
				SDKROOT = macosx;
				SWIFT_ACTIVE_COMPILATION_CONDITIONS = DEBUG;
				SWIFT_OPTIMIZATION_LEVEL = "-Onone";
			};
			name = Debug;
		};
		6E92B60B2AE85DC600C95F3C /* Release */ = {
			isa = XCBuildConfiguration;
			buildSettings = {
				ALWAYS_SEARCH_USER_PATHS = NO;
				CLANG_ANALYZER_NONNULL = YES;
				CLANG_ANALYZER_NUMBER_OBJECT_CONVERSION = YES_AGGRESSIVE;
				CLANG_CXX_LANGUAGE_STANDARD = "gnu++20";
				CLANG_ENABLE_MODULES = YES;
				CLANG_ENABLE_OBJC_ARC = YES;
				CLANG_ENABLE_OBJC_WEAK = YES;
				CLANG_WARN_BLOCK_CAPTURE_AUTORELEASING = YES;
				CLANG_WARN_BOOL_CONVERSION = YES;
				CLANG_WARN_COMMA = YES;
				CLANG_WARN_CONSTANT_CONVERSION = YES;
				CLANG_WARN_DEPRECATED_OBJC_IMPLEMENTATIONS = YES;
				CLANG_WARN_DIRECT_OBJC_ISA_USAGE = YES_ERROR;
				CLANG_WARN_DOCUMENTATION_COMMENTS = YES;
				CLANG_WARN_EMPTY_BODY = YES;
				CLANG_WARN_ENUM_CONVERSION = YES;
				CLANG_WARN_INFINITE_RECURSION = YES;
				CLANG_WARN_INT_CONVERSION = YES;
				CLANG_WARN_NON_LITERAL_NULL_CONVERSION = YES;
				CLANG_WARN_OBJC_IMPLICIT_RETAIN_SELF = YES;
				CLANG_WARN_OBJC_LITERAL_CONVERSION = YES;
				CLANG_WARN_OBJC_ROOT_CLASS = YES_ERROR;
				CLANG_WARN_QUOTED_INCLUDE_IN_FRAMEWORK_HEADER = YES;
				CLANG_WARN_RANGE_LOOP_ANALYSIS = YES;
				CLANG_WARN_STRICT_PROTOTYPES = YES;
				CLANG_WARN_SUSPICIOUS_MOVE = YES;
				CLANG_WARN_UNGUARDED_AVAILABILITY = YES_AGGRESSIVE;
				CLANG_WARN_UNREACHABLE_CODE = YES;
				CLANG_WARN__DUPLICATE_METHOD_MATCH = YES;
				COPY_PHASE_STRIP = NO;
				DEBUG_INFORMATION_FORMAT = "dwarf-with-dsym";
				ENABLE_NS_ASSERTIONS = NO;
				ENABLE_STRICT_OBJC_MSGSEND = YES;
				GCC_C_LANGUAGE_STANDARD = gnu11;
				GCC_NO_COMMON_BLOCKS = YES;
				GCC_WARN_64_TO_32_BIT_CONVERSION = YES;
				GCC_WARN_ABOUT_RETURN_TYPE = YES_ERROR;
				GCC_WARN_UNDECLARED_SELECTOR = YES;
				GCC_WARN_UNINITIALIZED_AUTOS = YES_AGGRESSIVE;
				GCC_WARN_UNUSED_FUNCTION = YES;
				GCC_WARN_UNUSED_VARIABLE = YES;
				MACOSX_DEPLOYMENT_TARGET = 13.3;
				MTL_ENABLE_DEBUG_INFO = NO;
				MTL_FAST_MATH = YES;
				SDKROOT = macosx;
				SWIFT_COMPILATION_MODE = wholemodule;
				SWIFT_OPTIMIZATION_LEVEL = "-O";
			};
			name = Release;
		};
		6E92B60D2AE85DC600C95F3C /* Debug */ = {
			isa = XCBuildConfiguration;
			buildSettings = {
				ASSETCATALOG_COMPILER_APPICON_NAME = AppIcon;
				ASSETCATALOG_COMPILER_GLOBAL_ACCENT_COLOR_NAME = AccentColor;
				CODE_SIGN_ENTITLEMENTS = "Task Away/Task_Away.entitlements";
				"CODE_SIGN_IDENTITY[sdk=macosx*]" = "Apple Development";
				CODE_SIGN_STYLE = Automatic;
				COMBINE_HIDPI_IMAGES = YES;
				CURRENT_PROJECT_VERSION = 1;
				DEVELOPMENT_ASSET_PATHS = "\"Task Away/Preview Content\"";
				DEVELOPMENT_TEAM = SBWA9NH95N;
				ENABLE_HARDENED_RUNTIME = YES;
				ENABLE_PREVIEWS = YES;
				GENERATE_INFOPLIST_FILE = YES;
				INFOPLIST_KEY_LSApplicationCategoryType = "public.app-category.productivity";
				INFOPLIST_KEY_NSHumanReadableCopyright = "";
				LD_RUNPATH_SEARCH_PATHS = (
					"$(inherited)",
					"@executable_path/../Frameworks",
				);
				MARKETING_VERSION = 1.0;
				PRODUCT_BUNDLE_IDENTIFIER = "demetcaliskan.Task-Away";
				PRODUCT_NAME = "$(TARGET_NAME)";
				SWIFT_EMIT_LOC_STRINGS = YES;
				SWIFT_VERSION = 5.0;
			};
			name = Debug;
		};
		6E92B60E2AE85DC600C95F3C /* Release */ = {
			isa = XCBuildConfiguration;
			buildSettings = {
				ASSETCATALOG_COMPILER_APPICON_NAME = AppIcon;
				ASSETCATALOG_COMPILER_GLOBAL_ACCENT_COLOR_NAME = AccentColor;
				CODE_SIGN_ENTITLEMENTS = "Task Away/Task_Away.entitlements";
				"CODE_SIGN_IDENTITY[sdk=macosx*]" = "Apple Development";
				CODE_SIGN_STYLE = Automatic;
				COMBINE_HIDPI_IMAGES = YES;
				CURRENT_PROJECT_VERSION = 1;
				DEVELOPMENT_ASSET_PATHS = "\"Task Away/Preview Content\"";
				DEVELOPMENT_TEAM = SBWA9NH95N;
				ENABLE_HARDENED_RUNTIME = YES;
				ENABLE_PREVIEWS = YES;
				GENERATE_INFOPLIST_FILE = YES;
				INFOPLIST_KEY_LSApplicationCategoryType = "public.app-category.productivity";
				INFOPLIST_KEY_NSHumanReadableCopyright = "";
				LD_RUNPATH_SEARCH_PATHS = (
					"$(inherited)",
					"@executable_path/../Frameworks",
				);
				MARKETING_VERSION = 1.0;
				PRODUCT_BUNDLE_IDENTIFIER = "demetcaliskan.Task-Away";
				PRODUCT_NAME = "$(TARGET_NAME)";
				SWIFT_EMIT_LOC_STRINGS = YES;
				SWIFT_VERSION = 5.0;
			};
			name = Release;
		};
/* End XCBuildConfiguration section */

/* Begin XCConfigurationList section */
		6E92B5F82AE85DC500C95F3C /* Build configuration list for PBXProject "Task Away" */ = {
			isa = XCConfigurationList;
			buildConfigurations = (
				6E92B60A2AE85DC600C95F3C /* Debug */,
				6E92B60B2AE85DC600C95F3C /* Release */,
			);
			defaultConfigurationIsVisible = 0;
			defaultConfigurationName = Release;
		};
		6E92B60C2AE85DC600C95F3C /* Build configuration list for PBXNativeTarget "Task Away" */ = {
			isa = XCConfigurationList;
			buildConfigurations = (
				6E92B60D2AE85DC600C95F3C /* Debug */,
				6E92B60E2AE85DC600C95F3C /* Release */,
			);
			defaultConfigurationIsVisible = 0;
			defaultConfigurationName = Release;
		};
/* End XCConfigurationList section */
	};
	rootObject = 6E92B5F52AE85DC500C95F3C /* Project object */;
}
